<?xml version="1.0" encoding="utf-8"?>
<Project ToolsVersion="4.0" xmlns="http://schemas.microsoft.com/developer/msbuild/2003">
  <ItemGroup>
    <Filter Include="Source Files">
      <UniqueIdentifier>{4FC737F1-C7A5-4376-A066-2A32D752A2FF}</UniqueIdentifier>
      <Extensions>cpp;c;cc;cxx;def;odl;idl;hpj;bat;asm;asmx</Extensions>
    </Filter>
    <Filter Include="Header Files">
      <UniqueIdentifier>{93995380-89BD-4b04-88EB-625FBE52EBFB}</UniqueIdentifier>
      <Extensions>h;hh;hpp;hxx;hm;inl;inc;xsd</Extensions>
    </Filter>
    <Filter Include="Resource Files">
      <UniqueIdentifier>{67DA6AB6-F800-4c08-8B7A-83BB121AAD01}</UniqueIdentifier>
      <Extensions>rc;ico;cur;bmp;dlg;rc2;rct;bin;rgs;gif;jpg;jpeg;jpe;resx;tiff;tif;png;wav;mfcribbon-ms</Extensions>
    </Filter>
    <Filter Include="Source Files\Graphics">
      <UniqueIdentifier>{e01892dd-619f-4b6f-bc5a-81a2080780b4}</UniqueIdentifier>
    </Filter>
    <Filter Include="Source Files\Managers">
      <UniqueIdentifier>{95442a5e-758f-49f0-b5cf-027ffd77edb8}</UniqueIdentifier>
    </Filter>
    <Filter Include="Header Files\Graphics">
      <UniqueIdentifier>{98ba69a8-de9f-4ca8-88e0-095697366303}</UniqueIdentifier>
    </Filter>
    <Filter Include="Header Files\Managers">
      <UniqueIdentifier>{54dc464c-c9b4-434c-81a9-f4f17c0b3606}</UniqueIdentifier>
    </Filter>
    <Filter Include="Header Files\ext">
      <UniqueIdentifier>{2c148704-e9d8-497a-9618-d275d63b5ebd}</UniqueIdentifier>
    </Filter>
    <Filter Include="Header Files\ext\freetype">
      <UniqueIdentifier>{fda92de3-6de8-47b9-9894-0b5fcd59a145}</UniqueIdentifier>
    </Filter>
    <Filter Include="Source Files\ext">
      <UniqueIdentifier>{489bc52d-91ce-4f86-bf45-292205477a72}</UniqueIdentifier>
    </Filter>
    <Filter Include="Source Files\ext\freetype">
      <UniqueIdentifier>{4271848c-444f-40c0-8ed6-0f65220fd3de}</UniqueIdentifier>
    </Filter>
    <Filter Include="Source Files\ext\freetype\FT_MODULES">
      <UniqueIdentifier>{19f8ba17-6fdc-4f1e-b370-ab641cae5dd3}</UniqueIdentifier>
    </Filter>
    <Filter Include="Header Files\ext\freetype-gl">
      <UniqueIdentifier>{909d89af-7011-450a-8d3f-9d7a2ed8701d}</UniqueIdentifier>
    </Filter>
    <Filter Include="Source Files\ext\freetype-gl">
      <UniqueIdentifier>{b9acb6bb-12f1-44cc-829e-0423c76691c6}</UniqueIdentifier>
    </Filter>
    <Filter Include="Header Files\Audio">
      <UniqueIdentifier>{33ea2f69-bebf-4338-845c-cf75c56ac960}</UniqueIdentifier>
    </Filter>
    <Filter Include="Source Files\Audio">
      <UniqueIdentifier>{0d3219d3-41c5-4b3b-a185-ee53f5e4c679}</UniqueIdentifier>
    </Filter>
    <Filter Include="Source Files\Math">
      <UniqueIdentifier>{7c77feda-2e2a-4e75-9add-9839e5113c57}</UniqueIdentifier>
    </Filter>
    <Filter Include="Header Files\Math">
      <UniqueIdentifier>{8b90bb08-b6f1-4aa0-80d7-3f36868cbf1a}</UniqueIdentifier>
    </Filter>
  </ItemGroup>
  <ItemGroup>
    <ClCompile Include="src\graphics\BatchRenderer2D.cpp">
      <Filter>Source Files\Graphics</Filter>
    </ClCompile>
    <ClCompile Include="src\graphics\Group.cpp">
      <Filter>Source Files\Graphics</Filter>
    </ClCompile>
    <ClCompile Include="src\graphics\Layer.cpp">
      <Filter>Source Files\Graphics</Filter>
    </ClCompile>
    <ClCompile Include="src\graphics\Renderable2D.cpp">
      <Filter>Source Files\Graphics</Filter>
    </ClCompile>
    <ClCompile Include="src\graphics\Renderer2D.cpp">
      <Filter>Source Files\Graphics</Filter>
    </ClCompile>
    <ClCompile Include="src\graphics\Shader.cpp">
      <Filter>Source Files\Graphics</Filter>
    </ClCompile>
    <ClCompile Include="src\graphics\Sprite.cpp">
      <Filter>Source Files\Graphics</Filter>
    </ClCompile>
    <ClCompile Include="src\graphics\Window.cpp">
      <Filter>Source Files\Graphics</Filter>
    </ClCompile>
    <ClCompile Include="src\managers\FileReader.cpp">
      <Filter>Source Files\Managers</Filter>
    </ClCompile>
    <ClCompile Include="src\managers\Input.cpp">
      <Filter>Source Files\Managers</Filter>
    </ClCompile>
    <ClCompile Include="src\managers\PicoPNG.cpp">
      <Filter>Source Files\Managers</Filter>
    </ClCompile>
    <ClCompile Include="src\managers\TextureManager.cpp">
      <Filter>Source Files\Managers</Filter>
    </ClCompile>
    <ClCompile Include="ext\freetype\src\autofit\autofit.c">
      <Filter>Source Files\ext\freetype</Filter>
    </ClCompile>
    <ClCompile Include="ext\freetype\src\bdf\bdf.c">
      <Filter>Source Files\ext\freetype</Filter>
    </ClCompile>
    <ClCompile Include="ext\freetype\src\cff\cff.c">
      <Filter>Source Files\ext\freetype</Filter>
    </ClCompile>
    <ClCompile Include="ext\freetype\src\base\ftbase.c">
      <Filter>Source Files\ext\freetype</Filter>
    </ClCompile>
    <ClCompile Include="ext\freetype\src\base\ftbitmap.c">
      <Filter>Source Files\ext\freetype</Filter>
    </ClCompile>
    <ClCompile Include="ext\freetype\src\cache\ftcache.c">
      <Filter>Source Files\ext\freetype</Filter>
    </ClCompile>
    <ClCompile Include="ext\freetype\src\base\ftdebug.c">
      <Filter>Source Files\ext\freetype</Filter>
    </ClCompile>
    <ClCompile Include="ext\freetype\src\base\ftfstype.c">
      <Filter>Source Files\ext\freetype</Filter>
    </ClCompile>
    <ClCompile Include="ext\freetype\src\base\ftgasp.c">
      <Filter>Source Files\ext\freetype</Filter>
    </ClCompile>
    <ClCompile Include="ext\freetype\src\base\ftglyph.c">
      <Filter>Source Files\ext\freetype</Filter>
    </ClCompile>
    <ClCompile Include="ext\freetype\src\gzip\ftgzip.c">
      <Filter>Source Files\ext\freetype</Filter>
    </ClCompile>
    <ClCompile Include="ext\freetype\src\base\ftinit.c">
      <Filter>Source Files\ext\freetype</Filter>
    </ClCompile>
    <ClCompile Include="ext\freetype\src\lzw\ftlzw.c">
      <Filter>Source Files\ext\freetype</Filter>
    </ClCompile>
    <ClCompile Include="ext\freetype\src\base\ftstroke.c">
      <Filter>Source Files\ext\freetype</Filter>
    </ClCompile>
    <ClCompile Include="ext\freetype\src\base\ftsystem.c">
      <Filter>Source Files\ext\freetype</Filter>
    </ClCompile>
    <ClCompile Include="ext\freetype\src\smooth\smooth.c">
      <Filter>Source Files\ext\freetype</Filter>
    </ClCompile>
    <ClCompile Include="ext\freetype\src\winfonts\winfnt.c">
      <Filter>Source Files\ext\freetype\FT_MODULES</Filter>
    </ClCompile>
    <ClCompile Include="ext\freetype\src\type42\type42.c">
      <Filter>Source Files\ext\freetype\FT_MODULES</Filter>
    </ClCompile>
    <ClCompile Include="ext\freetype\src\cid\type1cid.c">
      <Filter>Source Files\ext\freetype\FT_MODULES</Filter>
    </ClCompile>
    <ClCompile Include="ext\freetype\src\type1\type1.c">
      <Filter>Source Files\ext\freetype\FT_MODULES</Filter>
    </ClCompile>
    <ClCompile Include="ext\freetype\src\truetype\truetype.c">
      <Filter>Source Files\ext\freetype\FT_MODULES</Filter>
    </ClCompile>
    <ClCompile Include="ext\freetype\src\sfnt\sfnt.c">
      <Filter>Source Files\ext\freetype\FT_MODULES</Filter>
    </ClCompile>
    <ClCompile Include="ext\freetype\src\raster\raster.c">
      <Filter>Source Files\ext\freetype\FT_MODULES</Filter>
    </ClCompile>
    <ClCompile Include="ext\freetype\src\psnames\psmodule.c">
      <Filter>Source Files\ext\freetype\FT_MODULES</Filter>
    </ClCompile>
    <ClCompile Include="ext\freetype\src\pshinter\pshinter.c">
      <Filter>Source Files\ext\freetype\FT_MODULES</Filter>
    </ClCompile>
    <ClCompile Include="ext\freetype\src\psaux\psaux.c">
      <Filter>Source Files\ext\freetype\FT_MODULES</Filter>
    </ClCompile>
    <ClCompile Include="ext\freetype\src\pfr\pfr.c">
      <Filter>Source Files\ext\freetype\FT_MODULES</Filter>
    </ClCompile>
    <ClCompile Include="ext\freetype\src\pcf\pcf.c">
      <Filter>Source Files\ext\freetype\FT_MODULES</Filter>
    </ClCompile>
    <ClCompile Include="ext\freetype\src\base\ftxf86.c">
      <Filter>Source Files\ext\freetype\FT_MODULES</Filter>
    </ClCompile>
    <ClCompile Include="ext\freetype\src\base\ftwinfnt.c">
      <Filter>Source Files\ext\freetype\FT_MODULES</Filter>
    </ClCompile>
    <ClCompile Include="ext\freetype\src\base\fttype1.c">
      <Filter>Source Files\ext\freetype\FT_MODULES</Filter>
    </ClCompile>
    <ClCompile Include="ext\freetype\src\base\ftsynth.c">
      <Filter>Source Files\ext\freetype\FT_MODULES</Filter>
    </ClCompile>
    <ClCompile Include="ext\freetype\src\base\ftpfr.c">
      <Filter>Source Files\ext\freetype\FT_MODULES</Filter>
    </ClCompile>
    <ClCompile Include="ext\freetype\src\base\ftpatent.c">
      <Filter>Source Files\ext\freetype\FT_MODULES</Filter>
    </ClCompile>
    <ClCompile Include="ext\freetype\src\base\ftotval.c">
      <Filter>Source Files\ext\freetype\FT_MODULES</Filter>
    </ClCompile>
    <ClCompile Include="ext\freetype\src\base\ftmm.c">
      <Filter>Source Files\ext\freetype\FT_MODULES</Filter>
    </ClCompile>
    <ClCompile Include="ext\freetype\src\base\ftlcdfil.c">
      <Filter>Source Files\ext\freetype\FT_MODULES</Filter>
    </ClCompile>
    <ClCompile Include="ext\freetype\src\base\ftgxval.c">
      <Filter>Source Files\ext\freetype\FT_MODULES</Filter>
    </ClCompile>
    <ClCompile Include="ext\freetype\src\base\ftbbox.c">
      <Filter>Source Files\ext\freetype\FT_MODULES</Filter>
    </ClCompile>
    <ClCompile Include="ext\freetype-gl\vector.c">
      <Filter>Source Files\ext\freetype-gl</Filter>
    </ClCompile>
    <ClCompile Include="ext\freetype-gl\platform.c">
      <Filter>Source Files\ext\freetype-gl</Filter>
    </ClCompile>
    <ClCompile Include="ext\freetype-gl\texture-atlas.c">
      <Filter>Source Files\ext\freetype-gl</Filter>
    </ClCompile>
    <ClCompile Include="ext\freetype-gl\texture-font.c">
      <Filter>Source Files\ext\freetype-gl</Filter>
    </ClCompile>
    <ClCompile Include="src\graphics\Label.cpp">
      <Filter>Source Files\Graphics</Filter>
    </ClCompile>
    <ClCompile Include="src\graphics\Font.cpp">
      <Filter>Source Files\Graphics</Filter>
    </ClCompile>
    <ClCompile Include="src\managers\FontManager.cpp">
      <Filter>Source Files\Managers</Filter>
    </ClCompile>
    <ClCompile Include="src\managers\SoundManager.cpp">
      <Filter>Source Files\Managers</Filter>
    </ClCompile>
    <ClCompile Include="src\audio\Sound.cpp">
      <Filter>Source Files\Audio</Filter>
    </ClCompile>
    <ClCompile Include="src\audio\Music.cpp">
      <Filter>Source Files\Audio</Filter>
    </ClCompile>
    <ClCompile Include="src\math\vec4.cpp">
      <Filter>Source Files\Math</Filter>
    </ClCompile>
    <ClCompile Include="src\math\vec2.cpp">
      <Filter>Source Files\Math</Filter>
    </ClCompile>
    <ClCompile Include="src\math\vec3.cpp">
      <Filter>Source Files\Math</Filter>
    </ClCompile>
    <ClCompile Include="src\math\mat4.cpp">
      <Filter>Source Files\Math</Filter>
    </ClCompile>
    <ClCompile Include="src\graphics\ShaderFactory.cpp">
      <Filter>Source Files</Filter>
    </ClCompile>
  </ItemGroup>
  <ItemGroup>
    <ClInclude Include="src\graphics\BatchRenderer2D.h">
      <Filter>Header Files\Graphics</Filter>
    </ClInclude>
    <ClInclude Include="src\graphics\Group.h">
      <Filter>Header Files\Graphics</Filter>
    </ClInclude>
    <ClInclude Include="src\graphics\Layer.h">
      <Filter>Header Files\Graphics</Filter>
    </ClInclude>
    <ClInclude Include="src\graphics\Renderable2D.h">
      <Filter>Header Files\Graphics</Filter>
    </ClInclude>
    <ClInclude Include="src\graphics\Renderer2D.h">
      <Filter>Header Files\Graphics</Filter>
    </ClInclude>
    <ClInclude Include="src\graphics\Shader.h">
      <Filter>Header Files\Graphics</Filter>
    </ClInclude>
    <ClInclude Include="src\graphics\Sprite.h">
      <Filter>Header Files\Graphics</Filter>
    </ClInclude>
    <ClInclude Include="src\graphics\Texture.h">
      <Filter>Header Files\Graphics</Filter>
    </ClInclude>
    <ClInclude Include="src\graphics\Window.h">
      <Filter>Header Files\Graphics</Filter>
    </ClInclude>
    <ClInclude Include="src\managers\TextureManager.h">
      <Filter>Header Files\Managers</Filter>
    </ClInclude>
    <ClInclude Include="src\managers\FileReader.h">
      <Filter>Header Files\Managers</Filter>
    </ClInclude>
    <ClInclude Include="src\managers\Input.h">
      <Filter>Header Files\Managers</Filter>
    </ClInclude>
    <ClInclude Include="src\managers\PicoPNG.h">
      <Filter>Header Files\Managers</Filter>
    </ClInclude>
    <ClInclude Include="ext\freetype\include\config\ftconfig.h">
      <Filter>Header Files\ext\freetype</Filter>
    </ClInclude>
    <ClInclude Include="ext\freetype\include\config\ftheader.h">
      <Filter>Header Files\ext\freetype</Filter>
    </ClInclude>
    <ClInclude Include="ext\freetype\include\config\ftmodule.h">
      <Filter>Header Files\ext\freetype</Filter>
    </ClInclude>
    <ClInclude Include="ext\freetype\include\config\ftoption.h">
      <Filter>Header Files\ext\freetype</Filter>
    </ClInclude>
    <ClInclude Include="ext\freetype\include\config\ftstdlib.h">
      <Filter>Header Files\ext\freetype</Filter>
    </ClInclude>
    <ClInclude Include="ext\freetype\include\ft2build.h">
      <Filter>Header Files\ext\freetype</Filter>
    </ClInclude>
    <ClInclude Include="ext\freetype-gl\vector.h">
      <Filter>Header Files\ext\freetype-gl</Filter>
    </ClInclude>
    <ClInclude Include="ext\freetype-gl\opengl.h">
      <Filter>Header Files\ext\freetype-gl</Filter>
    </ClInclude>
    <ClInclude Include="ext\freetype-gl\platform.h">
      <Filter>Header Files\ext\freetype-gl</Filter>
    </ClInclude>
    <ClInclude Include="ext\freetype-gl\texture-atlas.h">
      <Filter>Header Files\ext\freetype-gl</Filter>
    </ClInclude>
    <ClInclude Include="ext\freetype-gl\texture-font.h">
      <Filter>Header Files\ext\freetype-gl</Filter>
    </ClInclude>
    <ClInclude Include="ext\freetype-gl\vec234.h">
      <Filter>Header Files\ext\freetype-gl</Filter>
    </ClInclude>
    <ClInclude Include="ext\freetype-gl\freetype-gl.h">
      <Filter>Header Files\ext\freetype-gl</Filter>
    </ClInclude>
    <ClInclude Include="src\graphics\Label.h">
      <Filter>Header Files\Graphics</Filter>
    </ClInclude>
    <ClInclude Include="src\graphics\Font.h">
      <Filter>Header Files\Graphics</Filter>
    </ClInclude>
    <ClInclude Include="src\managers\FontManager.h">
      <Filter>Header Files\Managers</Filter>
    </ClInclude>
    <ClInclude Include="src\Ao.h">
      <Filter>Header Files</Filter>
    </ClInclude>
    <ClInclude Include="src\managers\Timer.h">
      <Filter>Header Files\Managers</Filter>
    </ClInclude>
    <ClInclude Include="src\managers\SoundManager.h">
      <Filter>Header Files\Managers</Filter>
    </ClInclude>
    <ClInclude Include="src\audio\Sound.h">
      <Filter>Header Files\Audio</Filter>
    </ClInclude>
    <ClInclude Include="src\audio\Music.h">
      <Filter>Header Files\Audio</Filter>
    </ClInclude>
    <ClInclude Include="src\math\vec4.h">
      <Filter>Header Files\Math</Filter>
    </ClInclude>
    <ClInclude Include="src\math\mat4.h">
      <Filter>Header Files\Math</Filter>
    </ClInclude>
    <ClInclude Include="src\math\vec2.h">
      <Filter>Header Files\Math</Filter>
    </ClInclude>
    <ClInclude Include="src\math\vec3.h">
      <Filter>Header Files\Math</Filter>
    </ClInclude>
    <ClInclude Include="src\math\MathUtils.h">
      <Filter>Header Files\Math</Filter>
    </ClInclude>
    <ClInclude Include="src\math\AoMath.h">
      <Filter>Header Files\Math</Filter>
    </ClInclude>
    <ClInclude Include="src\graphics\ShaderFactory.h">
      <Filter>Header Files\Graphics</Filter>
    </ClInclude>
    <ClInclude Include="src\graphics\FontFactory.h">
      <Filter>Header Files</Filter>
    </ClInclude>
  </ItemGroup>
</Project>