<?xml version="1.0" encoding="utf-8"?>
<Project ToolsVersion="4.0" xmlns="http://schemas.microsoft.com/developer/msbuild/2003">
  <ItemGroup>
    <Filter Include="Source Files">
      <UniqueIdentifier>{4FC737F1-C7A5-4376-A066-2A32D752A2FF}</UniqueIdentifier>
      <Extensions>cpp;c;cc;cxx;def;odl;idl;hpj;bat;asm;asmx</Extensions>
    </Filter>
    <Filter Include="Header Files">
      <UniqueIdentifier>{93995380-89BD-4b04-88EB-625FBE52EBFB}</UniqueIdentifier>
      <Extensions>h;hh;hpp;hxx;hm;inl;inc;xsd</Extensions>
    </Filter>
    <Filter Include="Resource Files">
      <UniqueIdentifier>{67DA6AB6-F800-4c08-8B7A-83BB121AAD01}</UniqueIdentifier>
      <Extensions>rc;ico;cur;bmp;dlg;rc2;rct;bin;rgs;gif;jpg;jpeg;jpe;resx;tiff;tif;png;wav;mfcribbon-ms</Extensions>
    </Filter>
    <Filter Include="Source Files\Graphics">
      <UniqueIdentifier>{e01892dd-619f-4b6f-bc5a-81a2080780b4}</UniqueIdentifier>
    </Filter>
    <Filter Include="Source Files\Managers">
      <UniqueIdentifier>{95442a5e-758f-49f0-b5cf-027ffd77edb8}</UniqueIdentifier>
    </Filter>
  </ItemGroup>
  <ItemGroup>
    <ClCompile Include="main.cpp">
      <Filter>Source Files</Filter>
    </ClCompile>
    <ClCompile Include="Window.cpp">
      <Filter>Source Files\Graphics</Filter>
    </ClCompile>
    <ClCompile Include="Shader.cpp">
      <Filter>Source Files\Graphics</Filter>
    </ClCompile>
    <ClCompile Include="Input.cpp">
      <Filter>Source Files\Managers</Filter>
    </ClCompile>
    <ClCompile Include="TextureManager.cpp">
      <Filter>Source Files\Managers</Filter>
    </ClCompile>
    <ClCompile Include="FileReader.cpp">
      <Filter>Source Files\Managers</Filter>
    </ClCompile>
    <ClCompile Include="PicoPNG.cpp">
      <Filter>Source Files\Managers</Filter>
    </ClCompile>
    <ClCompile Include="Renderable2D.cpp">
      <Filter>Source Files\Graphics</Filter>
    </ClCompile>
    <ClCompile Include="Sprite.cpp">
      <Filter>Source Files\Graphics</Filter>
    </ClCompile>
    <ClCompile Include="Renderer2D.cpp">
      <Filter>Source Files\Graphics</Filter>
    </ClCompile>
    <ClCompile Include="BatchRenderer2D.cpp">
      <Filter>Source Files\Graphics</Filter>
    </ClCompile>
    <ClCompile Include="Layer.cpp">
      <Filter>Source Files\Graphics</Filter>
    </ClCompile>
    <ClCompile Include="Group.cpp">
      <Filter>Source Files\Graphics</Filter>
    </ClCompile>
  </ItemGroup>
  <ItemGroup>
    <ClInclude Include="Window.h">
      <Filter>Source Files\Graphics</Filter>
    </ClInclude>
    <ClInclude Include="Shader.h">
      <Filter>Source Files\Graphics</Filter>
    </ClInclude>
    <ClInclude Include="Input.h">
      <Filter>Source Files\Managers</Filter>
    </ClInclude>
    <ClInclude Include="TextureManager.h">
      <Filter>Source Files\Managers</Filter>
    </ClInclude>
    <ClInclude Include="FileReader.h">
      <Filter>Source Files\Managers</Filter>
    </ClInclude>
    <ClInclude Include="PicoPNG.h">
      <Filter>Source Files\Managers</Filter>
    </ClInclude>
    <ClInclude Include="Sprite.h">
      <Filter>Source Files\Graphics</Filter>
    </ClInclude>
    <ClInclude Include="Renderable2D.h">
      <Filter>Source Files\Graphics</Filter>
    </ClInclude>
    <ClInclude Include="Texture.h">
      <Filter>Source Files\Graphics</Filter>
    </ClInclude>
    <ClInclude Include="Renderer2D.h">
      <Filter>Source Files\Graphics</Filter>
    </ClInclude>
    <ClInclude Include="BatchRenderer2D.h">
      <Filter>Source Files\Graphics</Filter>
    </ClInclude>
    <ClInclude Include="Layer.h">
      <Filter>Source Files\Graphics</Filter>
    </ClInclude>
    <ClInclude Include="Group.h">
      <Filter>Source Files\Graphics</Filter>
    </ClInclude>
  </ItemGroup>
</Project>